// !$*UTF8*$!
{
	archiveVersion = 1;
	classes = {
	};
	objectVersion = 55;
	objects = {

/* Begin PBXBuildFile section */
		F14C739128DB3EC80052019C /* main.cpp in Sources */ = {isa = PBXBuildFile; fileRef = F14C739028DB3EC80052019C /* main.cpp */; };
		F158AD53291E400E0034CEF4 /* tree.cpp in Sources */ = {isa = PBXBuildFile; fileRef = F158AD51291E400E0034CEF4 /* tree.cpp */; };
		F158AD56291E402D0034CEF4 /* line.cpp in Sources */ = {isa = PBXBuildFile; fileRef = F158AD54291E402D0034CEF4 /* line.cpp */; };
		F158AD59291E403A0034CEF4 /* forest.cpp in Sources */ = {isa = PBXBuildFile; fileRef = F158AD57291E403A0034CEF4 /* forest.cpp */; };
		F158AD5C291E40500034CEF4 /* text_ops.cpp in Sources */ = {isa = PBXBuildFile; fileRef = F158AD5A291E40500034CEF4 /* text_ops.cpp */; };
		F158AD5F291E40640034CEF4 /* console_ops.cpp in Sources */ = {isa = PBXBuildFile; fileRef = F158AD5D291E40640034CEF4 /* console_ops.cpp */; };
		F158AD62291E40830034CEF4 /* menu.cpp in Sources */ = {isa = PBXBuildFile; fileRef = F158AD60291E40830034CEF4 /* menu.cpp */; };
		F158AD65291E40960034CEF4 /* keyboard.cpp in Sources */ = {isa = PBXBuildFile; fileRef = F158AD63291E40960034CEF4 /* keyboard.cpp */; };
		F158AD68291E40C40034CEF4 /* file_ops.cpp in Sources */ = {isa = PBXBuildFile; fileRef = F158AD66291E40C40034CEF4 /* file_ops.cpp */; };
		F158AD6B291E7E080034CEF4 /* unit_tests.cpp in Sources */ = {isa = PBXBuildFile; fileRef = F158AD69291E7E080034CEF4 /* unit_tests.cpp */; };
		F158AD6E291EA56D0034CEF4 /* config.cpp in Sources */ = {isa = PBXBuildFile; fileRef = F158AD6C291EA56D0034CEF4 /* config.cpp */; };
		F1958A28291C2D5200CE7A3C /* read_file.cpp in Sources */ = {isa = PBXBuildFile; fileRef = F1958A26291C2D5200CE7A3C /* read_file.cpp */; };
/* End PBXBuildFile section */

/* Begin PBXCopyFilesBuildPhase section */
		F14C738B28DB3EC80052019C /* CopyFiles */ = {
			isa = PBXCopyFilesBuildPhase;
			buildActionMask = 2147483647;
			dstPath = /usr/share/man/man1/;
			dstSubfolderSpec = 0;
			files = (
			);
			runOnlyForDeploymentPostprocessing = 1;
		};
/* End PBXCopyFilesBuildPhase section */

/* Begin PBXFileReference section */
		F14C738D28DB3EC80052019C /* SampleAppConsole */ = {isa = PBXFileReference; explicitFileType = "compiled.mach-o.executable"; includeInIndex = 0; path = SampleAppConsole; sourceTree = BUILT_PRODUCTS_DIR; };
		F14C739028DB3EC80052019C /* main.cpp */ = {isa = PBXFileReference; lastKnownFileType = sourcecode.cpp.cpp; path = main.cpp; sourceTree = "<group>"; };
		F158AD51291E400E0034CEF4 /* tree.cpp */ = {isa = PBXFileReference; lastKnownFileType = sourcecode.cpp.cpp; path = tree.cpp; sourceTree = "<group>"; };
		F158AD52291E400E0034CEF4 /* tree.hpp */ = {isa = PBXFileReference; lastKnownFileType = sourcecode.cpp.h; path = tree.hpp; sourceTree = "<group>"; };
		F158AD54291E402D0034CEF4 /* line.cpp */ = {isa = PBXFileReference; lastKnownFileType = sourcecode.cpp.cpp; path = line.cpp; sourceTree = "<group>"; };
		F158AD55291E402D0034CEF4 /* line.hpp */ = {isa = PBXFileReference; lastKnownFileType = sourcecode.cpp.h; path = line.hpp; sourceTree = "<group>"; };
		F158AD57291E403A0034CEF4 /* forest.cpp */ = {isa = PBXFileReference; lastKnownFileType = sourcecode.cpp.cpp; path = forest.cpp; sourceTree = "<group>"; };
		F158AD58291E403A0034CEF4 /* forest.hpp */ = {isa = PBXFileReference; lastKnownFileType = sourcecode.cpp.h; path = forest.hpp; sourceTree = "<group>"; };
		F158AD5A291E40500034CEF4 /* text_ops.cpp */ = {isa = PBXFileReference; lastKnownFileType = sourcecode.cpp.cpp; path = text_ops.cpp; sourceTree = "<group>"; };
		F158AD5B291E40500034CEF4 /* text_ops.hpp */ = {isa = PBXFileReference; lastKnownFileType = sourcecode.cpp.h; path = text_ops.hpp; sourceTree = "<group>"; };
		F158AD5D291E40640034CEF4 /* console_ops.cpp */ = {isa = PBXFileReference; lastKnownFileType = sourcecode.cpp.cpp; path = console_ops.cpp; sourceTree = "<group>"; };
		F158AD5E291E40640034CEF4 /* console_ops.hpp */ = {isa = PBXFileReference; lastKnownFileType = sourcecode.cpp.h; path = console_ops.hpp; sourceTree = "<group>"; };
		F158AD60291E40830034CEF4 /* menu.cpp */ = {isa = PBXFileReference; lastKnownFileType = sourcecode.cpp.cpp; path = menu.cpp; sourceTree = "<group>"; };
		F158AD61291E40830034CEF4 /* menu.hpp */ = {isa = PBXFileReference; lastKnownFileType = sourcecode.cpp.h; path = menu.hpp; sourceTree = "<group>"; };
		F158AD63291E40960034CEF4 /* keyboard.cpp */ = {isa = PBXFileReference; lastKnownFileType = sourcecode.cpp.cpp; path = keyboard.cpp; sourceTree = "<group>"; };
		F158AD64291E40960034CEF4 /* keyboard.hpp */ = {isa = PBXFileReference; lastKnownFileType = sourcecode.cpp.h; path = keyboard.hpp; sourceTree = "<group>"; };
		F158AD66291E40C40034CEF4 /* file_ops.cpp */ = {isa = PBXFileReference; lastKnownFileType = sourcecode.cpp.cpp; path = file_ops.cpp; sourceTree = "<group>"; };
		F158AD67291E40C40034CEF4 /* file_ops.hpp */ = {isa = PBXFileReference; lastKnownFileType = sourcecode.cpp.h; path = file_ops.hpp; sourceTree = "<group>"; };
		F158AD69291E7E080034CEF4 /* unit_tests.cpp */ = {isa = PBXFileReference; lastKnownFileType = sourcecode.cpp.cpp; path = unit_tests.cpp; sourceTree = "<group>"; };
		F158AD6A291E7E080034CEF4 /* unit_tests.hpp */ = {isa = PBXFileReference; lastKnownFileType = sourcecode.cpp.h; path = unit_tests.hpp; sourceTree = "<group>"; };
		F158AD6C291EA56D0034CEF4 /* config.cpp */ = {isa = PBXFileReference; lastKnownFileType = sourcecode.cpp.cpp; path = config.cpp; sourceTree = "<group>"; };
		F158AD6D291EA56D0034CEF4 /* config.hpp */ = {isa = PBXFileReference; lastKnownFileType = sourcecode.cpp.h; path = config.hpp; sourceTree = "<group>"; };
		F1958A26291C2D5200CE7A3C /* read_file.cpp */ = {isa = PBXFileReference; lastKnownFileType = sourcecode.cpp.cpp; path = read_file.cpp; sourceTree = "<group>"; };
		F1958A27291C2D5200CE7A3C /* read_file.hpp */ = {isa = PBXFileReference; lastKnownFileType = sourcecode.cpp.h; path = read_file.hpp; sourceTree = "<group>"; };
/* End PBXFileReference section */

/* Begin PBXFrameworksBuildPhase section */
		F14C738A28DB3EC80052019C /* Frameworks */ = {
			isa = PBXFrameworksBuildPhase;
			buildActionMask = 2147483647;
			files = (
			);
			runOnlyForDeploymentPostprocessing = 0;
		};
/* End PBXFrameworksBuildPhase section */

/* Begin PBXGroup section */
		F14C738428DB3EC80052019C = {
			isa = PBXGroup;
			children = (
				F1958A29291C36E100CE7A3C /* unit_tests */,
				F14C738F28DB3EC80052019C /* SampleAppConsole */,
				F14C738E28DB3EC80052019C /* Products */,
			);
			sourceTree = "<group>";
		};
		F14C738E28DB3EC80052019C /* Products */ = {
			isa = PBXGroup;
			children = (
				F14C738D28DB3EC80052019C /* SampleAppConsole */,
			);
			name = Products;
			sourceTree = "<group>";
		};
		F14C738F28DB3EC80052019C /* SampleAppConsole */ = {
			isa = PBXGroup;
			children = (
				F158AD6C291EA56D0034CEF4 /* config.cpp */,
				F158AD6D291EA56D0034CEF4 /* config.hpp */,
				F158AD5D291E40640034CEF4 /* console_ops.cpp */,
				F158AD5E291E40640034CEF4 /* console_ops.hpp */,
				F158AD66291E40C40034CEF4 /* file_ops.cpp */,
				F158AD67291E40C40034CEF4 /* file_ops.hpp */,
				F158AD57291E403A0034CEF4 /* forest.cpp */,
				F158AD58291E403A0034CEF4 /* forest.hpp */,
				F158AD63291E40960034CEF4 /* keyboard.cpp */,
				F158AD64291E40960034CEF4 /* keyboard.hpp */,
				F158AD54291E402D0034CEF4 /* line.cpp */,
				F158AD55291E402D0034CEF4 /* line.hpp */,
				F14C739028DB3EC80052019C /* main.cpp */,
				F158AD60291E40830034CEF4 /* menu.cpp */,
				F158AD61291E40830034CEF4 /* menu.hpp */,
				F1958A26291C2D5200CE7A3C /* read_file.cpp */,
				F1958A27291C2D5200CE7A3C /* read_file.hpp */,
				F158AD5A291E40500034CEF4 /* text_ops.cpp */,
				F158AD5B291E40500034CEF4 /* text_ops.hpp */,
				F158AD51291E400E0034CEF4 /* tree.cpp */,
				F158AD52291E400E0034CEF4 /* tree.hpp */,
			);
			path = SampleAppConsole;
			sourceTree = "<group>";
		};
		F1958A29291C36E100CE7A3C /* unit_tests */ = {
			isa = PBXGroup;
			children = (
				F158AD69291E7E080034CEF4 /* unit_tests.cpp */,
				F158AD6A291E7E080034CEF4 /* unit_tests.hpp */,
			);
			path = unit_tests;
			sourceTree = "<group>";
		};
/* End PBXGroup section */

/* Begin PBXNativeTarget section */
		F14C738C28DB3EC80052019C /* SampleAppConsole */ = {
			isa = PBXNativeTarget;
			buildConfigurationList = F14C739428DB3EC80052019C /* Build configuration list for PBXNativeTarget "SampleAppConsole" */;
			buildPhases = (
				F14C738928DB3EC80052019C /* Sources */,
				F14C738A28DB3EC80052019C /* Frameworks */,
				F14C738B28DB3EC80052019C /* CopyFiles */,
			);
			buildRules = (
			);
			dependencies = (
			);
			name = SampleAppConsole;
			productName = SampleAppConsole;
			productReference = F14C738D28DB3EC80052019C /* SampleAppConsole */;
			productType = "com.apple.product-type.tool";
		};
/* End PBXNativeTarget section */

/* Begin PBXProject section */
		F14C738528DB3EC80052019C /* Project object */ = {
			isa = PBXProject;
			attributes = {
				BuildIndependentTargetsInParallel = 1;
				LastUpgradeCheck = 1340;
				TargetAttributes = {
					F14C738C28DB3EC80052019C = {
						CreatedOnToolsVersion = 13.4.1;
					};
				};
			};
			buildConfigurationList = F14C738828DB3EC80052019C /* Build configuration list for PBXProject "SampleAppConsole" */;
			compatibilityVersion = "Xcode 13.0";
			developmentRegion = en;
			hasScannedForEncodings = 0;
			knownRegions = (
				en,
				Base,
			);
			mainGroup = F14C738428DB3EC80052019C;
			productRefGroup = F14C738E28DB3EC80052019C /* Products */;
			projectDirPath = "";
			projectRoot = "";
			targets = (
				F14C738C28DB3EC80052019C /* SampleAppConsole */,
			);
		};
/* End PBXProject section */

/* Begin PBXSourcesBuildPhase section */
		F14C738928DB3EC80052019C /* Sources */ = {
			isa = PBXSourcesBuildPhase;
			buildActionMask = 2147483647;
			files = (
				F158AD65291E40960034CEF4 /* keyboard.cpp in Sources */,
				F14C739128DB3EC80052019C /* main.cpp in Sources */,
				F158AD53291E400E0034CEF4 /* tree.cpp in Sources */,
				F158AD62291E40830034CEF4 /* menu.cpp in Sources */,
				F158AD68291E40C40034CEF4 /* file_ops.cpp in Sources */,
				F158AD5C291E40500034CEF4 /* text_ops.cpp in Sources */,
				F158AD5F291E40640034CEF4 /* console_ops.cpp in Sources */,
				F158AD56291E402D0034CEF4 /* line.cpp in Sources */,
				F158AD6B291E7E080034CEF4 /* unit_tests.cpp in Sources */,
				F158AD59291E403A0034CEF4 /* forest.cpp in Sources */,
				F158AD6E291EA56D0034CEF4 /* config.cpp in Sources */,
				F1958A28291C2D5200CE7A3C /* read_file.cpp in Sources */,
			);
			runOnlyForDeploymentPostprocessing = 0;
		};
/* End PBXSourcesBuildPhase section */

/* Begin XCBuildConfiguration section */
		F14C739228DB3EC80052019C /* Debug */ = {
			isa = XCBuildConfiguration;
			buildSettings = {
				ALWAYS_SEARCH_USER_PATHS = NO;
				CLANG_ANALYZER_NONNULL = YES;
				CLANG_ANALYZER_NUMBER_OBJECT_CONVERSION = YES_AGGRESSIVE;
				CLANG_CXX_LANGUAGE_STANDARD = "gnu++17";
				CLANG_ENABLE_MODULES = YES;
				CLANG_ENABLE_OBJC_ARC = YES;
				CLANG_ENABLE_OBJC_WEAK = YES;
				CLANG_WARN_BLOCK_CAPTURE_AUTORELEASING = YES;
				CLANG_WARN_BOOL_CONVERSION = YES;
				CLANG_WARN_COMMA = YES;
				CLANG_WARN_CONSTANT_CONVERSION = YES;
				CLANG_WARN_DEPRECATED_OBJC_IMPLEMENTATIONS = YES;
				CLANG_WARN_DIRECT_OBJC_ISA_USAGE = YES_ERROR;
				CLANG_WARN_DOCUMENTATION_COMMENTS = YES;
				CLANG_WARN_EMPTY_BODY = YES;
				CLANG_WARN_ENUM_CONVERSION = YES;
				CLANG_WARN_INFINITE_RECURSION = YES;
				CLANG_WARN_INT_CONVERSION = YES;
				CLANG_WARN_NON_LITERAL_NULL_CONVERSION = YES;
				CLANG_WARN_OBJC_IMPLICIT_RETAIN_SELF = YES;
				CLANG_WARN_OBJC_LITERAL_CONVERSION = YES;
				CLANG_WARN_OBJC_ROOT_CLASS = YES_ERROR;
				CLANG_WARN_QUOTED_INCLUDE_IN_FRAMEWORK_HEADER = YES;
				CLANG_WARN_RANGE_LOOP_ANALYSIS = YES;
				CLANG_WARN_STRICT_PROTOTYPES = YES;
				CLANG_WARN_SUSPICIOUS_MOVE = YES;
				CLANG_WARN_UNGUARDED_AVAILABILITY = YES_AGGRESSIVE;
				CLANG_WARN_UNREACHABLE_CODE = YES;
				CLANG_WARN__DUPLICATE_METHOD_MATCH = YES;
				COPY_PHASE_STRIP = NO;
				DEBUG_INFORMATION_FORMAT = dwarf;
				ENABLE_STRICT_OBJC_MSGSEND = YES;
				ENABLE_TESTABILITY = YES;
				GCC_C_LANGUAGE_STANDARD = gnu11;
				GCC_DYNAMIC_NO_PIC = NO;
				GCC_NO_COMMON_BLOCKS = YES;
				GCC_OPTIMIZATION_LEVEL = 0;
				GCC_PREPROCESSOR_DEFINITIONS = (
					"DEBUG=1",
					"$(inherited)",
				);
				GCC_WARN_64_TO_32_BIT_CONVERSION = YES;
				GCC_WARN_ABOUT_RETURN_TYPE = YES_ERROR;
				GCC_WARN_UNDECLARED_SELECTOR = YES;
				GCC_WARN_UNINITIALIZED_AUTOS = YES_AGGRESSIVE;
				GCC_WARN_UNUSED_FUNCTION = YES;
				GCC_WARN_UNUSED_VARIABLE = YES;
				MACOSX_DEPLOYMENT_TARGET = 12.3;
				MTL_ENABLE_DEBUG_INFO = INCLUDE_SOURCE;
				MTL_FAST_MATH = YES;
				ONLY_ACTIVE_ARCH = YES;
				SDKROOT = macosx;
			};
			name = Debug;
		};
		F14C739328DB3EC80052019C /* Release */ = {
			isa = XCBuildConfiguration;
			buildSettings = {
				ALWAYS_SEARCH_USER_PATHS = NO;
				CLANG_ANALYZER_NONNULL = YES;
				CLANG_ANALYZER_NUMBER_OBJECT_CONVERSION = YES_AGGRESSIVE;
				CLANG_CXX_LANGUAGE_STANDARD = "gnu++17";
				CLANG_ENABLE_MODULES = YES;
				CLANG_ENABLE_OBJC_ARC = YES;
				CLANG_ENABLE_OBJC_WEAK = YES;
				CLANG_WARN_BLOCK_CAPTURE_AUTORELEASING = YES;
				CLANG_WARN_BOOL_CONVERSION = YES;
				CLANG_WARN_COMMA = YES;
				CLANG_WARN_CONSTANT_CONVERSION = YES;
				CLANG_WARN_DEPRECATED_OBJC_IMPLEMENTATIONS = YES;
				CLANG_WARN_DIRECT_OBJC_ISA_USAGE = YES_ERROR;
				CLANG_WARN_DOCUMENTATION_COMMENTS = YES;
				CLANG_WARN_EMPTY_BODY = YES;
				CLANG_WARN_ENUM_CONVERSION = YES;
				CLANG_WARN_INFINITE_RECURSION = YES;
				CLANG_WARN_INT_CONVERSION = YES;
				CLANG_WARN_NON_LITERAL_NULL_CONVERSION = YES;
				CLANG_WARN_OBJC_IMPLICIT_RETAIN_SELF = YES;
				CLANG_WARN_OBJC_LITERAL_CONVERSION = YES;
				CLANG_WARN_OBJC_ROOT_CLASS = YES_ERROR;
				CLANG_WARN_QUOTED_INCLUDE_IN_FRAMEWORK_HEADER = YES;
				CLANG_WARN_RANGE_LOOP_ANALYSIS = YES;
				CLANG_WARN_STRICT_PROTOTYPES = YES;
				CLANG_WARN_SUSPICIOUS_MOVE = YES;
				CLANG_WARN_UNGUARDED_AVAILABILITY = YES_AGGRESSIVE;
				CLANG_WARN_UNREACHABLE_CODE = YES;
				CLANG_WARN__DUPLICATE_METHOD_MATCH = YES;
				COPY_PHASE_STRIP = NO;
				DEBUG_INFORMATION_FORMAT = "dwarf-with-dsym";
				ENABLE_NS_ASSERTIONS = NO;
				ENABLE_STRICT_OBJC_MSGSEND = YES;
				GCC_C_LANGUAGE_STANDARD = gnu11;
				GCC_NO_COMMON_BLOCKS = YES;
				GCC_WARN_64_TO_32_BIT_CONVERSION = YES;
				GCC_WARN_ABOUT_RETURN_TYPE = YES_ERROR;
				GCC_WARN_UNDECLARED_SELECTOR = YES;
				GCC_WARN_UNINITIALIZED_AUTOS = YES_AGGRESSIVE;
				GCC_WARN_UNUSED_FUNCTION = YES;
				GCC_WARN_UNUSED_VARIABLE = YES;
				MACOSX_DEPLOYMENT_TARGET = 12.3;
				MTL_ENABLE_DEBUG_INFO = NO;
				MTL_FAST_MATH = YES;
				SDKROOT = macosx;
			};
			name = Release;
		};
		F14C739528DB3EC80052019C /* Debug */ = {
			isa = XCBuildConfiguration;
			buildSettings = {
				CODE_SIGN_STYLE = Automatic;
				PRODUCT_NAME = "$(TARGET_NAME)";
			};
			name = Debug;
		};
		F14C739628DB3EC80052019C /* Release */ = {
			isa = XCBuildConfiguration;
			buildSettings = {
				CODE_SIGN_STYLE = Automatic;
				PRODUCT_NAME = "$(TARGET_NAME)";
			};
			name = Release;
		};
/* End XCBuildConfiguration section */

/* Begin XCConfigurationList section */
		F14C738828DB3EC80052019C /* Build configuration list for PBXProject "SampleAppConsole" */ = {
			isa = XCConfigurationList;
			buildConfigurations = (
				F14C739228DB3EC80052019C /* Debug */,
				F14C739328DB3EC80052019C /* Release */,
			);
			defaultConfigurationIsVisible = 0;
			defaultConfigurationName = Release;
		};
		F14C739428DB3EC80052019C /* Build configuration list for PBXNativeTarget "SampleAppConsole" */ = {
			isa = XCConfigurationList;
			buildConfigurations = (
				F14C739528DB3EC80052019C /* Debug */,
				F14C739628DB3EC80052019C /* Release */,
			);
			defaultConfigurationIsVisible = 0;
			defaultConfigurationName = Release;
		};
/* End XCConfigurationList section */
	};
	rootObject = F14C738528DB3EC80052019C /* Project object */;
}
